<?xml version="1.0" encoding="utf-8"?>
<Project ToolsVersion="4.0" xmlns="http://schemas.microsoft.com/developer/msbuild/2003">
  <ItemGroup>
    <ClCompile Include="DBFuncs.cpp" />
    <ClCompile Include="DBTypes.cpp" />
    <ClCompile Include="GUIUtils.cpp" />
    <ClCompile Include="MyForm.cpp" />
    <ClCompile Include="MyForm1.cpp" />
    <ClCompile Include="typeFuncs.cpp" />
    <ClCompile Include="MyForm2.cpp" />
  </ItemGroup>
  <ItemGroup>
    <ClInclude Include="DBFuncs.h" />
    <ClInclude Include="DBTypes.h" />
    <ClInclude Include="GUIUtils.h" />
    <ClInclude Include="MyForm.h" />
    <ClInclude Include="MyForm1.h" />
    <ClInclude Include="typeFuncs.h" />
    <ClInclude Include="MyForm2.h" />
  </ItemGroup>
  <ItemGroup>
    <EmbeddedResource Include="MyForm.resx" />
    <EmbeddedResource Include="MyForm1.resx" />
  </ItemGroup>
</Project>